// !$*UTF8*$!
{
	archiveVersion = 1;
	classes = {
	};
	objectVersion = 50;
	objects = {

/* Begin PBXBuildFile section */
		14B3C6C325CB0502004A989A /* AppDelegate.swift in Sources */ = {isa = PBXBuildFile; fileRef = 14B3C6C225CB0502004A989A /* AppDelegate.swift */; };
		14B3C6C525CB0502004A989A /* SceneDelegate.swift in Sources */ = {isa = PBXBuildFile; fileRef = 14B3C6C425CB0502004A989A /* SceneDelegate.swift */; };
		14B3C6C725CB0502004A989A /* PageView.swift in Sources */ = {isa = PBXBuildFile; fileRef = 14B3C6C625CB0502004A989A /* PageView.swift */; };
		14B3C6CC25CB0502004A989A /* Assets.xcassets in Resources */ = {isa = PBXBuildFile; fileRef = 14B3C6CB25CB0502004A989A /* Assets.xcassets */; };
		14B3C6CF25CB0502004A989A /* LaunchScreen.storyboard in Resources */ = {isa = PBXBuildFile; fileRef = 14B3C6CD25CB0502004A989A /* LaunchScreen.storyboard */; };
		14F20D1B25D2151900C30C36 /* OnboardingView.swift in Sources */ = {isa = PBXBuildFile; fileRef = 14F20D1A25D2151900C30C36 /* OnboardingView.swift */; };
/* End PBXBuildFile section */

/* Begin PBXFileReference section */
		14B3C6BF25CB0502004A989A /* scrollViewCode.app */ = {isa = PBXFileReference; explicitFileType = wrapper.application; includeInIndex = 0; path = scrollViewCode.app; sourceTree = BUILT_PRODUCTS_DIR; };
		14B3C6C225CB0502004A989A /* AppDelegate.swift */ = {isa = PBXFileReference; lastKnownFileType = sourcecode.swift; path = AppDelegate.swift; sourceTree = "<group>"; };
		14B3C6C425CB0502004A989A /* SceneDelegate.swift */ = {isa = PBXFileReference; lastKnownFileType = sourcecode.swift; path = SceneDelegate.swift; sourceTree = "<group>"; };
		14B3C6C625CB0502004A989A /* PageView.swift */ = {isa = PBXFileReference; lastKnownFileType = sourcecode.swift; path = PageView.swift; sourceTree = "<group>"; };
		14B3C6CB25CB0502004A989A /* Assets.xcassets */ = {isa = PBXFileReference; lastKnownFileType = folder.assetcatalog; path = Assets.xcassets; sourceTree = "<group>"; };
		14B3C6CE25CB0502004A989A /* Base */ = {isa = PBXFileReference; lastKnownFileType = file.storyboard; name = Base; path = Base.lproj/LaunchScreen.storyboard; sourceTree = "<group>"; };
		14B3C6D025CB0502004A989A /* Info.plist */ = {isa = PBXFileReference; lastKnownFileType = text.plist.xml; path = Info.plist; sourceTree = "<group>"; };
		14F20D1A25D2151900C30C36 /* OnboardingView.swift */ = {isa = PBXFileReference; lastKnownFileType = sourcecode.swift; path = OnboardingView.swift; sourceTree = "<group>"; };
/* End PBXFileReference section */

/* Begin PBXFrameworksBuildPhase section */
		14B3C6BC25CB0502004A989A /* Frameworks */ = {
			isa = PBXFrameworksBuildPhase;
			buildActionMask = 2147483647;
			files = (
			);
			runOnlyForDeploymentPostprocessing = 0;
		};
/* End PBXFrameworksBuildPhase section */

/* Begin PBXGroup section */
		14B3C6B625CB0502004A989A = {
			isa = PBXGroup;
			children = (
				14B3C6C125CB0502004A989A /* scrollViewCode */,
				14F9913E25D4B99F0031CC5E /* Resources */,
				14B3C6C025CB0502004A989A /* Products */,
			);
			sourceTree = "<group>";
		};
		14B3C6C025CB0502004A989A /* Products */ = {
			isa = PBXGroup;
			children = (
				14B3C6BF25CB0502004A989A /* scrollViewCode.app */,
			);
			name = Products;
			sourceTree = "<group>";
		};
		14B3C6C125CB0502004A989A /* scrollViewCode */ = {
			isa = PBXGroup;
			children = (
				14B3C6C225CB0502004A989A /* AppDelegate.swift */,
				14B3C6C425CB0502004A989A /* SceneDelegate.swift */,
				14F20D0825D20FDA00C30C36 /* Model */,
				14F20D0925D20FE000C30C36 /* View */,
				14F20D0A25D20FE400C30C36 /* Controller */,
				14B3C6D025CB0502004A989A /* Info.plist */,
			);
			path = scrollViewCode;
			sourceTree = "<group>";
		};
		14F20D0825D20FDA00C30C36 /* Model */ = {
			isa = PBXGroup;
			children = (
			);
			path = Model;
			sourceTree = "<group>";
		};
		14F20D0925D20FE000C30C36 /* View */ = {
			isa = PBXGroup;
			children = (
				14F20D1A25D2151900C30C36 /* OnboardingView.swift */,
			);
			path = View;
			sourceTree = "<group>";
		};
		14F20D0A25D20FE400C30C36 /* Controller */ = {
			isa = PBXGroup;
			children = (
				14B3C6C625CB0502004A989A /* PageView.swift */,
			);
			path = Controller;
			sourceTree = "<group>";
		};
		14F9913E25D4B99F0031CC5E /* Resources */ = {
			isa = PBXGroup;
			children = (
				14B3C6CD25CB0502004A989A /* LaunchScreen.storyboard */,
				14B3C6CB25CB0502004A989A /* Assets.xcassets */,
			);
			path = Resources;
			sourceTree = "<group>";
		};
/* End PBXGroup section */

/* Begin PBXNativeTarget section */
		14B3C6BE25CB0502004A989A /* scrollViewCode */ = {
			isa = PBXNativeTarget;
			buildConfigurationList = 14B3C6D325CB0502004A989A /* Build configuration list for PBXNativeTarget "scrollViewCode" */;
			buildPhases = (
				14B3C6BB25CB0502004A989A /* Sources */,
				14B3C6BC25CB0502004A989A /* Frameworks */,
				14B3C6BD25CB0502004A989A /* Resources */,
			);
			buildRules = (
			);
			dependencies = (
			);
			name = scrollViewCode;
			productName = scrollViewCode;
			productReference = 14B3C6BF25CB0502004A989A /* scrollViewCode.app */;
			productType = "com.apple.product-type.application";
		};
/* End PBXNativeTarget section */

/* Begin PBXProject section */
		14B3C6B725CB0502004A989A /* Project object */ = {
			isa = PBXProject;
			attributes = {
				LastSwiftUpdateCheck = 1230;
				LastUpgradeCheck = 1230;
				TargetAttributes = {
					14B3C6BE25CB0502004A989A = {
						CreatedOnToolsVersion = 12.3;
					};
				};
			};
			buildConfigurationList = 14B3C6BA25CB0502004A989A /* Build configuration list for PBXProject "scrollViewCode" */;
			compatibilityVersion = "Xcode 9.3";
			developmentRegion = en;
			hasScannedForEncodings = 0;
			knownRegions = (
				en,
				Base,
			);
			mainGroup = 14B3C6B625CB0502004A989A;
			productRefGroup = 14B3C6C025CB0502004A989A /* Products */;
			projectDirPath = "";
			projectRoot = "";
			targets = (
				14B3C6BE25CB0502004A989A /* scrollViewCode */,
			);
		};
/* End PBXProject section */

/* Begin PBXResourcesBuildPhase section */
		14B3C6BD25CB0502004A989A /* Resources */ = {
			isa = PBXResourcesBuildPhase;
			buildActionMask = 2147483647;
			files = (
				14B3C6CF25CB0502004A989A /* LaunchScreen.storyboard in Resources */,
				14B3C6CC25CB0502004A989A /* Assets.xcassets in Resources */,
			);
			runOnlyForDeploymentPostprocessing = 0;
		};
/* End PBXResourcesBuildPhase section */

/* Begin PBXSourcesBuildPhase section */
		14B3C6BB25CB0502004A989A /* Sources */ = {
			isa = PBXSourcesBuildPhase;
			buildActionMask = 2147483647;
			files = (
				14B3C6C725CB0502004A989A /* PageView.swift in Sources */,
				14F20D1B25D2151900C30C36 /* OnboardingView.swift in Sources */,
				14B3C6C325CB0502004A989A /* AppDelegate.swift in Sources */,
				14B3C6C525CB0502004A989A /* SceneDelegate.swift in Sources */,
			);
			runOnlyForDeploymentPostprocessing = 0;
		};
/* End PBXSourcesBuildPhase section */

/* Begin PBXVariantGroup section */
		14B3C6CD25CB0502004A989A /* LaunchScreen.storyboard */ = {
			isa = PBXVariantGroup;
			children = (
				14B3C6CE25CB0502004A989A /* Base */,
			);
			name = LaunchScreen.storyboard;
			sourceTree = "<group>";
		};
/* End PBXVariantGroup section */

/* Begin XCBuildConfiguration section */
		14B3C6D125CB0502004A989A /* Debug */ = {
			isa = XCBuildConfiguration;
			buildSettings = {
				ALWAYS_SEARCH_USER_PATHS = NO;
				CLANG_ANALYZER_NONNULL = YES;
				CLANG_ANALYZER_NUMBER_OBJECT_CONVERSION = YES_AGGRESSIVE;
				CLANG_CXX_LANGUAGE_STANDARD = "gnu++14";
				CLANG_CXX_LIBRARY = "libc++";
				CLANG_ENABLE_MODULES = YES;
				CLANG_ENABLE_OBJC_ARC = YES;
				CLANG_ENABLE_OBJC_WEAK = YES;
				CLANG_WARN_BLOCK_CAPTURE_AUTORELEASING = YES;
				CLANG_WARN_BOOL_CONVERSION = YES;
				CLANG_WARN_COMMA = YES;
				CLANG_WARN_CONSTANT_CONVERSION = YES;
				CLANG_WARN_DEPRECATED_OBJC_IMPLEMENTATIONS = YES;
				CLANG_WARN_DIRECT_OBJC_ISA_USAGE = YES_ERROR;
				CLANG_WARN_DOCUMENTATION_COMMENTS = YES;
				CLANG_WARN_EMPTY_BODY = YES;
				CLANG_WARN_ENUM_CONVERSION = YES;
				CLANG_WARN_INFINITE_RECURSION = YES;
				CLANG_WARN_INT_CONVERSION = YES;
				CLANG_WARN_NON_LITERAL_NULL_CONVERSION = YES;
				CLANG_WARN_OBJC_IMPLICIT_RETAIN_SELF = YES;
				CLANG_WARN_OBJC_LITERAL_CONVERSION = YES;
				CLANG_WARN_OBJC_ROOT_CLASS = YES_ERROR;
				CLANG_WARN_QUOTED_INCLUDE_IN_FRAMEWORK_HEADER = YES;
				CLANG_WARN_RANGE_LOOP_ANALYSIS = YES;
				CLANG_WARN_STRICT_PROTOTYPES = YES;
				CLANG_WARN_SUSPICIOUS_MOVE = YES;
				CLANG_WARN_UNGUARDED_AVAILABILITY = YES_AGGRESSIVE;
				CLANG_WARN_UNREACHABLE_CODE = YES;
				CLANG_WARN__DUPLICATE_METHOD_MATCH = YES;
				COPY_PHASE_STRIP = NO;
				DEBUG_INFORMATION_FORMAT = dwarf;
				ENABLE_STRICT_OBJC_MSGSEND = YES;
				ENABLE_TESTABILITY = YES;
				GCC_C_LANGUAGE_STANDARD = gnu11;
				GCC_DYNAMIC_NO_PIC = NO;
				GCC_NO_COMMON_BLOCKS = YES;
				GCC_OPTIMIZATION_LEVEL = 0;
				GCC_PREPROCESSOR_DEFINITIONS = (
					"DEBUG=1",
					"$(inherited)",
				);
				GCC_WARN_64_TO_32_BIT_CONVERSION = YES;
				GCC_WARN_ABOUT_RETURN_TYPE = YES_ERROR;
				GCC_WARN_UNDECLARED_SELECTOR = YES;
				GCC_WARN_UNINITIALIZED_AUTOS = YES_AGGRESSIVE;
				GCC_WARN_UNUSED_FUNCTION = YES;
				GCC_WARN_UNUSED_VARIABLE = YES;
				IPHONEOS_DEPLOYMENT_TARGET = 14.3;
				MTL_ENABLE_DEBUG_INFO = INCLUDE_SOURCE;
				MTL_FAST_MATH = YES;
				ONLY_ACTIVE_ARCH = YES;
				SDKROOT = iphoneos;
				SWIFT_ACTIVE_COMPILATION_CONDITIONS = DEBUG;
				SWIFT_OPTIMIZATION_LEVEL = "-Onone";
			};
			name = Debug;
		};
		14B3C6D225CB0502004A989A /* Release */ = {
			isa = XCBuildConfiguration;
			buildSettings = {
				ALWAYS_SEARCH_USER_PATHS = NO;
				CLANG_ANALYZER_NONNULL = YES;
				CLANG_ANALYZER_NUMBER_OBJECT_CONVERSION = YES_AGGRESSIVE;
				CLANG_CXX_LANGUAGE_STANDARD = "gnu++14";
				CLANG_CXX_LIBRARY = "libc++";
				CLANG_ENABLE_MODULES = YES;
				CLANG_ENABLE_OBJC_ARC = YES;
				CLANG_ENABLE_OBJC_WEAK = YES;
				CLANG_WARN_BLOCK_CAPTURE_AUTORELEASING = YES;
				CLANG_WARN_BOOL_CONVERSION = YES;
				CLANG_WARN_COMMA = YES;
				CLANG_WARN_CONSTANT_CONVERSION = YES;
				CLANG_WARN_DEPRECATED_OBJC_IMPLEMENTATIONS = YES;
				CLANG_WARN_DIRECT_OBJC_ISA_USAGE = YES_ERROR;
				CLANG_WARN_DOCUMENTATION_COMMENTS = YES;
				CLANG_WARN_EMPTY_BODY = YES;
				CLANG_WARN_ENUM_CONVERSION = YES;
				CLANG_WARN_INFINITE_RECURSION = YES;
				CLANG_WARN_INT_CONVERSION = YES;
				CLANG_WARN_NON_LITERAL_NULL_CONVERSION = YES;
				CLANG_WARN_OBJC_IMPLICIT_RETAIN_SELF = YES;
				CLANG_WARN_OBJC_LITERAL_CONVERSION = YES;
				CLANG_WARN_OBJC_ROOT_CLASS = YES_ERROR;
				CLANG_WARN_QUOTED_INCLUDE_IN_FRAMEWORK_HEADER = YES;
				CLANG_WARN_RANGE_LOOP_ANALYSIS = YES;
				CLANG_WARN_STRICT_PROTOTYPES = YES;
				CLANG_WARN_SUSPICIOUS_MOVE = YES;
				CLANG_WARN_UNGUARDED_AVAILABILITY = YES_AGGRESSIVE;
				CLANG_WARN_UNREACHABLE_CODE = YES;
				CLANG_WARN__DUPLICATE_METHOD_MATCH = YES;
				COPY_PHASE_STRIP = NO;
				DEBUG_INFORMATION_FORMAT = "dwarf-with-dsym";
				ENABLE_NS_ASSERTIONS = NO;
				ENABLE_STRICT_OBJC_MSGSEND = YES;
				GCC_C_LANGUAGE_STANDARD = gnu11;
				GCC_NO_COMMON_BLOCKS = YES;
				GCC_WARN_64_TO_32_BIT_CONVERSION = YES;
				GCC_WARN_ABOUT_RETURN_TYPE = YES_ERROR;
				GCC_WARN_UNDECLARED_SELECTOR = YES;
				GCC_WARN_UNINITIALIZED_AUTOS = YES_AGGRESSIVE;
				GCC_WARN_UNUSED_FUNCTION = YES;
				GCC_WARN_UNUSED_VARIABLE = YES;
				IPHONEOS_DEPLOYMENT_TARGET = 14.3;
				MTL_ENABLE_DEBUG_INFO = NO;
				MTL_FAST_MATH = YES;
				SDKROOT = iphoneos;
				SWIFT_COMPILATION_MODE = wholemodule;
				SWIFT_OPTIMIZATION_LEVEL = "-O";
				VALIDATE_PRODUCT = YES;
			};
			name = Release;
		};
		14B3C6D425CB0502004A989A /* Debug */ = {
			isa = XCBuildConfiguration;
			buildSettings = {
				ASSETCATALOG_COMPILER_APPICON_NAME = AppIcon;
				ASSETCATALOG_COMPILER_GLOBAL_ACCENT_COLOR_NAME = AccentColor;
				CODE_SIGN_STYLE = Automatic;
				DEVELOPMENT_TEAM = CA6PY2LF2K;
				INFOPLIST_FILE = scrollViewCode/Info.plist;
				LD_RUNPATH_SEARCH_PATHS = (
					"$(inherited)",
					"@executable_path/Frameworks",
				);
				PRODUCT_BUNDLE_IDENTIFIER = com.yxinghang.scrollViewCode;
				PRODUCT_NAME = "$(TARGET_NAME)";
				SWIFT_VERSION = 5.0;
				TARGETED_DEVICE_FAMILY = "1,2";
			};
			name = Debug;
		};
		14B3C6D525CB0502004A989A /* Release */ = {
			isa = XCBuildConfiguration;
			buildSettings = {
				ASSETCATALOG_COMPILER_APPICON_NAME = AppIcon;
				ASSETCATALOG_COMPILER_GLOBAL_ACCENT_COLOR_NAME = AccentColor;
				CODE_SIGN_STYLE = Automatic;
				DEVELOPMENT_TEAM = CA6PY2LF2K;
				INFOPLIST_FILE = scrollViewCode/Info.plist;
				LD_RUNPATH_SEARCH_PATHS = (
					"$(inherited)",
					"@executable_path/Frameworks",
				);
				PRODUCT_BUNDLE_IDENTIFIER = com.yxinghang.scrollViewCode;
				PRODUCT_NAME = "$(TARGET_NAME)";
				SWIFT_VERSION = 5.0;
				TARGETED_DEVICE_FAMILY = "1,2";
			};
			name = Release;
		};
/* End XCBuildConfiguration section */

/* Begin XCConfigurationList section */
		14B3C6BA25CB0502004A989A /* Build configuration list for PBXProject "scrollViewCode" */ = {
			isa = XCConfigurationList;
			buildConfigurations = (
				14B3C6D125CB0502004A989A /* Debug */,
				14B3C6D225CB0502004A989A /* Release */,
			);
			defaultConfigurationIsVisible = 0;
			defaultConfigurationName = Release;
		};
		14B3C6D325CB0502004A989A /* Build configuration list for PBXNativeTarget "scrollViewCode" */ = {
			isa = XCConfigurationList;
			buildConfigurations = (
				14B3C6D425CB0502004A989A /* Debug */,
				14B3C6D525CB0502004A989A /* Release */,
			);
			defaultConfigurationIsVisible = 0;
			defaultConfigurationName = Release;
		};
/* End XCConfigurationList section */
	};
	rootObject = 14B3C6B725CB0502004A989A /* Project object */;
}
